
Microsoft Visual Studio Solution File, Format Version 12.00
# Visual Studio Version 16
VisualStudioVersion = 16.0.31729.503
MinimumVisualStudioVersion = 10.0.40219.1
Project("{9A19103F-16F7-4668-BE54-9A1E7A4F7556}") = "SimpleConsoleAppForModuleTesting", "SimpleConsoleAppForModuleTesting\SimpleConsoleAppForModuleTesting.csproj", "{4BD53A3E-0BB8-46BF-9023-EEE20EF2CEAA}"
EndProject
Project("{FAE04EC0-301F-11D3-BF4B-00C04F79EFBC}") = "SimpleConsoleAppForModuleTesting.Tests", "SimpleConsoleAppForModuleTesting.Tests\SimpleConsoleAppForModuleTesting.Tests.csproj", "{DE8036D2-884E-4D6B-B30D-521E2CF7A810}"
EndProject
Global
	GlobalSection(SolutionConfigurationPlatforms) = preSolution
		Debug|Any CPU = Debug|Any CPU
		Release|Any CPU = Release|Any CPU
	EndGlobalSection
	GlobalSection(ProjectConfigurationPlatforms) = postSolution
		{4BD53A3E-0BB8-46BF-9023-EEE20EF2CEAA}.Debug|Any CPU.ActiveCfg = Debug|Any CPU
		{4BD53A3E-0BB8-46BF-9023-EEE20EF2CEAA}.Debug|Any CPU.Build.0 = Debug|Any CPU
		{4BD53A3E-0BB8-46BF-9023-EEE20EF2CEAA}.Release|Any CPU.ActiveCfg = Release|Any CPU
		{4BD53A3E-0BB8-46BF-9023-EEE20EF2CEAA}.Release|Any CPU.Build.0 = Release|Any CPU
		{DE8036D2-884E-4D6B-B30D-521E2CF7A810}.Debug|Any CPU.ActiveCfg = Debug|Any CPU
		{DE8036D2-884E-4D6B-B30D-521E2CF7A810}.Debug|Any CPU.Build.0 = Debug|Any CPU
		{DE8036D2-884E-4D6B-B30D-521E2CF7A810}.Release|Any CPU.ActiveCfg = Release|Any CPU
		{DE8036D2-884E-4D6B-B30D-521E2CF7A810}.Release|Any CPU.Build.0 = Release|Any CPU
	EndGlobalSection
	GlobalSection(SolutionProperties) = preSolution
		HideSolutionNode = FALSE
	EndGlobalSection
	GlobalSection(ExtensibilityGlobals) = postSolution
		SolutionGuid = {7074B5DD-9E46-4E83-8991-9DC186A1A44A}
	EndGlobalSection
EndGlobal
